{"SurveyEntry":{"SurveyID":"SV_87wxbd2O8Bayn0G","SurveyName":"Divide-max-100-in-4-languages","SurveyDescription":null,"SurveyOwnerID":"UR_8xkDXswjFl8NVFY","SurveyBrandID":"unibe","DivisionID":"DV_bfNs1frymqX6HFb","SurveyLanguage":"EN","SurveyActiveResponseSet":"RS_bQ8y8ALDpOFGVAq","SurveyStatus":"Active","SurveyStartDate":"0000-00-00 00:00:00","SurveyExpirationDate":"0000-00-00 00:00:00","SurveyCreationDate":"2024-11-13 07:02:58","CreatorID":"UR_8xkDXswjFl8NVFY","LastModified":"2024-11-13 07:10:57","LastAccessed":"0000-00-00 00:00:00","LastActivated":"2024-11-13 07:05:04","Deleted":null},"SurveyElements":[{"SurveyID":"SV_87wxbd2O8Bayn0G","Element":"BL","PrimaryAttribute":"Survey Blocks","SecondaryAttribute":null,"TertiaryAttribute":null,"Payload":[{"Type":"Default","Description":"Default Question Block","ID":"BL_87CxNaaEQBWaF0y","BlockElements":[{"Type":"Question","QuestionID":"QID2"}]},{"Type":"Trash","Description":"Trash \/ Unused Questions","ID":"BL_7NyesjZyBx3pw5U","BlockElements":[{"Type":"Question","QuestionID":"QID1"}]}]},{"SurveyID":"SV_87wxbd2O8Bayn0G","Element":"FL","PrimaryAttribute":"Survey Flow","SecondaryAttribute":null,"TertiaryAttribute":null,"Payload":{"Type":"Root","FlowID":"FL_1","Flow":[{"Type":"Block","ID":"BL_87CxNaaEQBWaF0y","FlowID":"FL_2","Autofill":[]}],"Properties":{"Count":2}}},{"SurveyID":"SV_87wxbd2O8Bayn0G","Element":"PL","PrimaryAttribute":"Preview Link","SecondaryAttribute":null,"TertiaryAttribute":null,"Payload":{"PreviewType":"Brand","PreviewID":"adc9b262-cf0b-479c-a31e-a8858dc0b370"}},{"SurveyID":"SV_87wxbd2O8Bayn0G","Element":"SO","PrimaryAttribute":"Survey Options","SecondaryAttribute":null,"TertiaryAttribute":null,"Payload":{"BackButton":"false","SaveAndContinue":"true","SurveyProtection":"PublicSurvey","BallotBoxStuffingPrevention":"false","NoIndex":"Yes","SecureResponseFiles":"true","SurveyExpiration":"None","SurveyTermination":"DefaultMessage","Header":"","Footer":"","ProgressBarDisplay":"None","PartialData":"+1 week","ValidationMessage":null,"PreviousButton":"","NextButton":"","SurveyTitle":"Qualtrics Survey | Qualtrics Experience Management","SkinLibrary":"unibe","SkinType":"templated","Skin":{"brandingId":"1569825593","templateId":"*base","overrides":null},"NewScoring":1,"SurveyMetaDescription":"The most powerful, simple and trusted way to gather experience data. Start your journey to experience management and try a free account today.","SurveyCreationDate":"2024-11-13 07:02:58","MetaDataTranslations":{"FR":{"SurveyTitle":"FRANCAIS","SurveyMetaDescription":"en fran\u00e7ais"},"DE":{"SurveyTitle":"deutsch","SurveyMetaDescription":"auf deutsch"},"IT":{"SurveyTitle":"italian","SurveyMetaDescription":"in Italian"}},"EOSMessage":null,"ShowExportTags":"false","CollectGeoLocation":"false","PasswordProtection":"No","AnonymizeResponse":"No","RefererCheck":"No","BallotBoxStuffingPreventionBehavior":null,"BallotBoxStuffingPreventionMessage":null,"BallotBoxStuffingPreventionMessageLibrary":null,"BallotBoxStuffingPreventionURL":null,"RecaptchaV3":"true","ConfirmStart":false,"AutoConfirmStart":false,"RelevantID":"false","RelevantIDLockoutPeriod":"+30 days","UseCustomSurveyLinkCompletedMessage":null,"SurveyLinkCompletedMessage":null,"SurveyLinkCompletedMessageLibrary":null,"ResponseSummary":"No","EOSMessageLibrary":null,"EOSRedirectURL":null,"EmailThankYou":"false","ThankYouEmailMessageLibrary":null,"ThankYouEmailMessage":null,"ValidateMessage":"false","ValidationMessageLibrary":null,"InactiveSurvey":null,"PartialDeletion":null,"PartialDataCloseAfter":"LastActivity","InactiveMessageLibrary":null,"InactiveMessage":null,"AvailableLanguages":{"EN":[]}}},{"SurveyID":"SV_87wxbd2O8Bayn0G","Element":"SCO","PrimaryAttribute":"Scoring","SecondaryAttribute":null,"TertiaryAttribute":null,"Payload":{"ScoringCategories":[],"ScoringCategoryGroups":[],"ScoringSummaryCategory":null,"ScoringSummaryAfterQuestions":0,"ScoringSummaryAfterSurvey":0,"DefaultScoringCategory":null,"AutoScoringCategory":null}},{"SurveyID":"SV_87wxbd2O8Bayn0G","Element":"PROJ","PrimaryAttribute":"CORE","SecondaryAttribute":null,"TertiaryAttribute":"1.1.0","Payload":{"ProjectCategory":"CORE","SchemaVersion":"1.1.0"}},{"SurveyID":"SV_87wxbd2O8Bayn0G","Element":"STAT","PrimaryAttribute":"Survey Statistics","SecondaryAttribute":null,"TertiaryAttribute":null,"Payload":{"MobileCompatible":true,"ID":"Survey Statistics"}},{"SurveyID":"SV_87wxbd2O8Bayn0G","Element":"QC","PrimaryAttribute":"Survey Question Count","SecondaryAttribute":"2","TertiaryAttribute":null,"Payload":null},{"SurveyID":"SV_87wxbd2O8Bayn0G","Element":"SQ","PrimaryAttribute":"QID1","SecondaryAttribute":"Click to write the question text","TertiaryAttribute":null,"Payload":{"QuestionText":"Click to write the question text","DataExportTag":"Q1","QuestionType":"MC","Selector":"SAVR","SubSelector":"TX","DataVisibility":{"Private":false,"Hidden":false},"Configuration":{"QuestionDescriptionOption":"UseText"},"QuestionDescription":"Click to write the question text","Choices":{"1":{"Display":"Click to write Choice 1"},"2":{"Display":"Click to write Choice 2"},"3":{"Display":"Click to write Choice 3"}},"ChoiceOrder":["1","2","3"],"Validation":{"Settings":{"ForceResponse":"OFF","Type":"None"}},"Language":[],"NextChoiceId":4,"NextAnswerId":1,"QuestionID":"QID1"}},{"SurveyID":"SV_87wxbd2O8Bayn0G","Element":"RS","PrimaryAttribute":"RS_bQ8y8ALDpOFGVAq","SecondaryAttribute":"Default Response Set","TertiaryAttribute":null,"Payload":null},{"SurveyID":"SV_87wxbd2O8Bayn0G","Element":"SQ","PrimaryAttribute":"QID2","SecondaryAttribute":"Distribute points to letters. The total amount must not exceed 100.","TertiaryAttribute":null,"Payload":{"ChoiceOrder":["1","2","3","4","5","6","7"],"Choices":{"1":{"Display":"A"},"2":{"Display":"B"},"3":{"Display":"C"},"4":{"Display":"D"},"5":{"Display":"E"},"6":{"Display":"F <button onclick=\"alert('Some Info Text.')\">Info<\/button>"},"7":{"Display":"G"}},"ClarifyingSymbolType":"None","Configuration":{"CSSliderMax":100,"CSSliderMin":0,"QuestionDescriptionOption":"UseText"},"DataExportTag":"Q2","DataVisibility":{"Hidden":false,"Private":false},"DefaultChoices":false,"GradingData":[],"Labels":[],"Language":{"DE":{"QuestionText":"<span style=\"display:block\"><span style=\"height:0px\"><span style=\"position:absolute\"><span style=\"top:0px\"><span style=\"left:-9999px\"><span style=\"opacity:0\"><span style=\"overflow:hidden\">\u00a0<\/span><\/span><\/span><\/span><\/span><\/span><\/span>Das Total der Betr\u00e4ge f\u00fcr alle Buchstaben darf 100 nicht \u00fcberschreiten. Sie m\u00fcssen aber auch nicht den ganzen Betrag verteilen.\u00a0","Choices":{"1":{"Display":"A"},"2":{"Display":"B"},"3":{"Display":"C"},"4":{"Display":"D"},"5":{"Display":"E"},"6":{"Display":"F<button onclick=\"alert('Some Info Text.')\">Info<\/button>"},"7":{"Display":"G"}},"Labels":[]},"FR":{"QuestionText":"Le total des montants pour toutes les lettres ne doit pas d\u00e9passer 100. Mais vous n'\u00eates non plus oblig\u00e9 de r\u00e9partir la totalit\u00e9 du montant. \u00a0 \u00a0 \u00a0 \u00a0 \u00a0 \u00a0 \u00a0 \u00a0 \u00a0 \u00a0 \u00a0 \u00a0 \u00a0 \u00a0 \u00a0 \u00a0 \u00a0 \u00a0 \u00a0 \u00a0 \u00a0 \u00a0 \u00a0 \u00a0 \u00a0 \u00a0","Choices":{"1":{"Display":"A"},"2":{"Display":"B"},"3":{"Display":"C"},"4":{"Display":"D"},"5":{"Display":"E"},"6":{"Display":"F<button onclick=\"alert('Some Info Text.')\">Info<\/button>"},"7":{"Display":"G"}},"Labels":[]},"IT":{"QuestionText":"Distribuisci i punti alle lettere. Il totale non deve superare 100.<br>","Choices":{"1":{"Display":"A"},"2":{"Display":"B"},"3":{"Display":"C"},"4":{"Display":"D"},"5":{"Display":"F"},"6":{"Display":"F<button onclick=\"alert('Some Info Text.')\">Info<\/button>"},"7":{"Display":"G"}},"Labels":[]}},"NextAnswerId":1,"NextChoiceId":8,"QuestionDescription":"Distribute points to letters. The total amount must not exceed 100.","QuestionID":"QID2","QuestionJS":"Qualtrics.SurveyEngine.addOnload(function()\n{\n    \/*Place your JavaScript here to run when the page loads*\/\n});\nQualtrics.SurveyEngine.addOnReady(function()\n{\n \n        let lang = \"${e:\/\/Field\/Q_Language}\", alert_text;\n \n    switch (lang) {\n        case \"FR\":\n            alert_text = \"N'entrez pas plus de 100.\";\n            break;\n        case \"EN\":\n            alert_text = \"Please not more than 100 in sum.\";\n            break;\n        case \"DE\":\n            alert_text = \"Nicht mehr als insgesamt 100 eingeben.\";\n            break;\n        case \"IT\":\n            alert_text = \"Non inserire pi\u00f9 di 100.\";\n            break;\n        default:\n            alert_text = \"Please only enter values from 0-100.\";\n    }\n \n \n \njQuery(\"#\"+this.questionId+\" .InputText\").on(\"input\", function() { \n    this.value = this.value.replace(\/[^0-9]\/g,\"\"); \n});\n \n    \/*Place your JavaScript here to run when the page is fully displayed*\/\n    const percentInputs = document.querySelectorAll(\"input[type=text].InputText\");\n\/\/Every time someone types in a number add all the boxes together, update the running total, and display error if applicable.\n    function addItUp(){\n        if( document.getElementById('QID2_Total').value > 100 || document.getElementById('QID2_Total').value < 0 ){\n            \/\/ hier ist alles schlecht\nalert(alert_text)\n \n    jQuery('.ValidationError').eq(1).show().html(alert_text);\n        jQuery('#NextButton').prop('disabled',true);\n \n        } else {\n               jQuery('.ValidationError').eq(1).hide();\n         jQuery('#NextButton').prop('disabled',false);\n        }\n    }\n\n \n \n\/\/When page loads up we want to listen to all of the text boxes. Add the above function to the boxes.\n    for (index = 0; index < percentInputs.length; ++index) {\n        percentInputs[index].addEventListener(\"keyup\", addItUp);\n    percentInputs[index].setAttribute(\"pattern\", \"^(0|10|20|30|40|50|60|70|80|90|100)$\");\n    }\n    addItUp();\n \n \n \n});\nQualtrics.SurveyEngine.addOnUnload(function()\n{\n    \/*Place your JavaScript here to run when the page is unloaded*\/\n});","QuestionText":"Distribute points to letters. The total amount must not exceed 100.<br>","QuestionText_Unsafe":"Distribute points to letters. The total amount must not exceed 100.<br>","QuestionType":"CS","Randomization":{"Advanced":null,"TotalRandSubset":"","Type":"All"},"Selector":"VRTL","SubSelector":"TX","Validation":{"Settings":{"EnforceRange":"OFF","Type":"None","ForceResponse":"OFF","ChoiceTotal":"100"}}}}]}